// !$*UTF8*$!
{
	archiveVersion = 1;
	classes = {
	};
	objectVersion = 50;
	objects = {

/* Begin PBXBuildFile section */
		B2EEE6292160158400145941 /* AppDelegate.swift in Sources */ = {isa = PBXBuildFile; fileRef = B2EEE6282160158400145941 /* AppDelegate.swift */; };
		B2EEE62B2160158400145941 /* GameScene.sks in Resources */ = {isa = PBXBuildFile; fileRef = B2EEE62A2160158400145941 /* GameScene.sks */; };
		B2EEE62D2160158400145941 /* Actions.sks in Resources */ = {isa = PBXBuildFile; fileRef = B2EEE62C2160158400145941 /* Actions.sks */; };
		B2EEE62F2160158400145941 /* GameScene.swift in Sources */ = {isa = PBXBuildFile; fileRef = B2EEE62E2160158400145941 /* GameScene.swift */; };
		B2EEE6312160158400145941 /* GameViewController.swift in Sources */ = {isa = PBXBuildFile; fileRef = B2EEE6302160158400145941 /* GameViewController.swift */; };
		B2EEE6342160158400145941 /* Main.storyboard in Resources */ = {isa = PBXBuildFile; fileRef = B2EEE6322160158400145941 /* Main.storyboard */; };
		B2EEE6362160158500145941 /* Assets.xcassets in Resources */ = {isa = PBXBuildFile; fileRef = B2EEE6352160158500145941 /* Assets.xcassets */; };
		B2EEE6392160158500145941 /* LaunchScreen.storyboard in Resources */ = {isa = PBXBuildFile; fileRef = B2EEE6372160158500145941 /* LaunchScreen.storyboard */; };
		B2EEE6442160158500145941 /* testTests.swift in Sources */ = {isa = PBXBuildFile; fileRef = B2EEE6432160158500145941 /* testTests.swift */; };
		B2EEE64F2160158500145941 /* testUITests.swift in Sources */ = {isa = PBXBuildFile; fileRef = B2EEE64E2160158500145941 /* testUITests.swift */; };
/* End PBXBuildFile section */

/* Begin PBXContainerItemProxy section */
		B2EEE6402160158500145941 /* PBXContainerItemProxy */ = {
			isa = PBXContainerItemProxy;
			containerPortal = B2EEE61D2160158400145941 /* Project object */;
			proxyType = 1;
			remoteGlobalIDString = B2EEE6242160158400145941;
			remoteInfo = test;
		};
		B2EEE64B2160158500145941 /* PBXContainerItemProxy */ = {
			isa = PBXContainerItemProxy;
			containerPortal = B2EEE61D2160158400145941 /* Project object */;
			proxyType = 1;
			remoteGlobalIDString = B2EEE6242160158400145941;
			remoteInfo = test;
		};
/* End PBXContainerItemProxy section */

/* Begin PBXFileReference section */
		B2EEE6252160158400145941 /* test.app */ = {isa = PBXFileReference; explicitFileType = wrapper.application; includeInIndex = 0; path = test.app; sourceTree = BUILT_PRODUCTS_DIR; };
		B2EEE6282160158400145941 /* AppDelegate.swift */ = {isa = PBXFileReference; lastKnownFileType = sourcecode.swift; path = AppDelegate.swift; sourceTree = "<group>"; };
		B2EEE62A2160158400145941 /* GameScene.sks */ = {isa = PBXFileReference; lastKnownFileType = file.sks; path = GameScene.sks; sourceTree = "<group>"; };
		B2EEE62C2160158400145941 /* Actions.sks */ = {isa = PBXFileReference; lastKnownFileType = file.sks; path = Actions.sks; sourceTree = "<group>"; };
		B2EEE62E2160158400145941 /* GameScene.swift */ = {isa = PBXFileReference; lastKnownFileType = sourcecode.swift; path = GameScene.swift; sourceTree = "<group>"; };
		B2EEE6302160158400145941 /* GameViewController.swift */ = {isa = PBXFileReference; lastKnownFileType = sourcecode.swift; path = GameViewController.swift; sourceTree = "<group>"; };
		B2EEE6332160158400145941 /* Base */ = {isa = PBXFileReference; lastKnownFileType = file.storyboard; name = Base; path = Base.lproj/Main.storyboard; sourceTree = "<group>"; };
		B2EEE6352160158500145941 /* Assets.xcassets */ = {isa = PBXFileReference; lastKnownFileType = folder.assetcatalog; path = Assets.xcassets; sourceTree = "<group>"; };
		B2EEE6382160158500145941 /* Base */ = {isa = PBXFileReference; lastKnownFileType = file.storyboard; name = Base; path = Base.lproj/LaunchScreen.storyboard; sourceTree = "<group>"; };
		B2EEE63A2160158500145941 /* Info.plist */ = {isa = PBXFileReference; lastKnownFileType = text.plist.xml; path = Info.plist; sourceTree = "<group>"; };
		B2EEE63F2160158500145941 /* testTests.xctest */ = {isa = PBXFileReference; explicitFileType = wrapper.cfbundle; includeInIndex = 0; path = testTests.xctest; sourceTree = BUILT_PRODUCTS_DIR; };
		B2EEE6432160158500145941 /* testTests.swift */ = {isa = PBXFileReference; lastKnownFileType = sourcecode.swift; path = testTests.swift; sourceTree = "<group>"; };
		B2EEE6452160158500145941 /* Info.plist */ = {isa = PBXFileReference; lastKnownFileType = text.plist.xml; path = Info.plist; sourceTree = "<group>"; };
		B2EEE64A2160158500145941 /* testUITests.xctest */ = {isa = PBXFileReference; explicitFileType = wrapper.cfbundle; includeInIndex = 0; path = testUITests.xctest; sourceTree = BUILT_PRODUCTS_DIR; };
		B2EEE64E2160158500145941 /* testUITests.swift */ = {isa = PBXFileReference; lastKnownFileType = sourcecode.swift; path = testUITests.swift; sourceTree = "<group>"; };
		B2EEE6502160158500145941 /* Info.plist */ = {isa = PBXFileReference; lastKnownFileType = text.plist.xml; path = Info.plist; sourceTree = "<group>"; };
/* End PBXFileReference section */

/* Begin PBXFrameworksBuildPhase section */
		B2EEE6222160158400145941 /* Frameworks */ = {
			isa = PBXFrameworksBuildPhase;
			buildActionMask = 2147483647;
			files = (
			);
			runOnlyForDeploymentPostprocessing = 0;
		};
		B2EEE63C2160158500145941 /* Frameworks */ = {
			isa = PBXFrameworksBuildPhase;
			buildActionMask = 2147483647;
			files = (
			);
			runOnlyForDeploymentPostprocessing = 0;
		};
		B2EEE6472160158500145941 /* Frameworks */ = {
			isa = PBXFrameworksBuildPhase;
			buildActionMask = 2147483647;
			files = (
			);
			runOnlyForDeploymentPostprocessing = 0;
		};
/* End PBXFrameworksBuildPhase section */

/* Begin PBXGroup section */
		B2EEE61C2160158400145941 = {
			isa = PBXGroup;
			children = (
				B2EEE6272160158400145941 /* test */,
				B2EEE6422160158500145941 /* testTests */,
				B2EEE64D2160158500145941 /* testUITests */,
				B2EEE6262160158400145941 /* Products */,
			);
			sourceTree = "<group>";
		};
		B2EEE6262160158400145941 /* Products */ = {
			isa = PBXGroup;
			children = (
				B2EEE6252160158400145941 /* test.app */,
				B2EEE63F2160158500145941 /* testTests.xctest */,
				B2EEE64A2160158500145941 /* testUITests.xctest */,
			);
			name = Products;
			sourceTree = "<group>";
		};
		B2EEE6272160158400145941 /* test */ = {
			isa = PBXGroup;
			children = (
				B2EEE6282160158400145941 /* AppDelegate.swift */,
				B2EEE62A2160158400145941 /* GameScene.sks */,
				B2EEE62C2160158400145941 /* Actions.sks */,
				B2EEE62E2160158400145941 /* GameScene.swift */,
				B2EEE6302160158400145941 /* GameViewController.swift */,
				B2EEE6322160158400145941 /* Main.storyboard */,
				B2EEE6352160158500145941 /* Assets.xcassets */,
				B2EEE6372160158500145941 /* LaunchScreen.storyboard */,
				B2EEE63A2160158500145941 /* Info.plist */,
			);
			path = test;
			sourceTree = "<group>";
		};
		B2EEE6422160158500145941 /* testTests */ = {
			isa = PBXGroup;
			children = (
				B2EEE6432160158500145941 /* testTests.swift */,
				B2EEE6452160158500145941 /* Info.plist */,
			);
			path = testTests;
			sourceTree = "<group>";
		};
		B2EEE64D2160158500145941 /* testUITests */ = {
			isa = PBXGroup;
			children = (
				B2EEE64E2160158500145941 /* testUITests.swift */,
				B2EEE6502160158500145941 /* Info.plist */,
			);
			path = testUITests;
			sourceTree = "<group>";
		};
/* End PBXGroup section */

/* Begin PBXNativeTarget section */
		B2EEE6242160158400145941 /* test */ = {
			isa = PBXNativeTarget;
			buildConfigurationList = B2EEE6532160158500145941 /* Build configuration list for PBXNativeTarget "test" */;
			buildPhases = (
				B2EEE6212160158400145941 /* Sources */,
				B2EEE6222160158400145941 /* Frameworks */,
				B2EEE6232160158400145941 /* Resources */,
			);
			buildRules = (
			);
			dependencies = (
			);
			name = test;
			productName = test;
			productReference = B2EEE6252160158400145941 /* test.app */;
			productType = "com.apple.product-type.application";
		};
		B2EEE63E2160158500145941 /* testTests */ = {
			isa = PBXNativeTarget;
			buildConfigurationList = B2EEE6562160158500145941 /* Build configuration list for PBXNativeTarget "testTests" */;
			buildPhases = (
				B2EEE63B2160158500145941 /* Sources */,
				B2EEE63C2160158500145941 /* Frameworks */,
				B2EEE63D2160158500145941 /* Resources */,
			);
			buildRules = (
			);
			dependencies = (
				B2EEE6412160158500145941 /* PBXTargetDependency */,
			);
			name = testTests;
			productName = testTests;
			productReference = B2EEE63F2160158500145941 /* testTests.xctest */;
			productType = "com.apple.product-type.bundle.unit-test";
		};
		B2EEE6492160158500145941 /* testUITests */ = {
			isa = PBXNativeTarget;
			buildConfigurationList = B2EEE6592160158500145941 /* Build configuration list for PBXNativeTarget "testUITests" */;
			buildPhases = (
				B2EEE6462160158500145941 /* Sources */,
				B2EEE6472160158500145941 /* Frameworks */,
				B2EEE6482160158500145941 /* Resources */,
			);
			buildRules = (
			);
			dependencies = (
				B2EEE64C2160158500145941 /* PBXTargetDependency */,
			);
			name = testUITests;
			productName = testUITests;
			productReference = B2EEE64A2160158500145941 /* testUITests.xctest */;
			productType = "com.apple.product-type.bundle.ui-testing";
		};
/* End PBXNativeTarget section */

/* Begin PBXProject section */
		B2EEE61D2160158400145941 /* Project object */ = {
			isa = PBXProject;
			attributes = {
				LastSwiftUpdateCheck = 1000;
				LastUpgradeCheck = 1000;
				ORGANIZATIONNAME = "Future Programmers";
				TargetAttributes = {
					B2EEE6242160158400145941 = {
						CreatedOnToolsVersion = 10.0;
					};
					B2EEE63E2160158500145941 = {
						CreatedOnToolsVersion = 10.0;
						TestTargetID = B2EEE6242160158400145941;
					};
					B2EEE6492160158500145941 = {
						CreatedOnToolsVersion = 10.0;
						TestTargetID = B2EEE6242160158400145941;
					};
				};
			};
			buildConfigurationList = B2EEE6202160158400145941 /* Build configuration list for PBXProject "test" */;
			compatibilityVersion = "Xcode 9.3";
			developmentRegion = en;
			hasScannedForEncodings = 0;
			knownRegions = (
				en,
				Base,
			);
			mainGroup = B2EEE61C2160158400145941;
			productRefGroup = B2EEE6262160158400145941 /* Products */;
			projectDirPath = "";
			projectRoot = "";
			targets = (
				B2EEE6242160158400145941 /* test */,
				B2EEE63E2160158500145941 /* testTests */,
				B2EEE6492160158500145941 /* testUITests */,
			);
		};
/* End PBXProject section */

/* Begin PBXResourcesBuildPhase section */
		B2EEE6232160158400145941 /* Resources */ = {
			isa = PBXResourcesBuildPhase;
			buildActionMask = 2147483647;
			files = (
				B2EEE6342160158400145941 /* Main.storyboard in Resources */,
				B2EEE62B2160158400145941 /* GameScene.sks in Resources */,
				B2EEE6362160158500145941 /* Assets.xcassets in Resources */,
				B2EEE6392160158500145941 /* LaunchScreen.storyboard in Resources */,
				B2EEE62D2160158400145941 /* Actions.sks in Resources */,
			);
			runOnlyForDeploymentPostprocessing = 0;
		};
		B2EEE63D2160158500145941 /* Resources */ = {
			isa = PBXResourcesBuildPhase;
			buildActionMask = 2147483647;
			files = (
			);
			runOnlyForDeploymentPostprocessing = 0;
		};
		B2EEE6482160158500145941 /* Resources */ = {
			isa = PBXResourcesBuildPhase;
			buildActionMask = 2147483647;
			files = (
			);
			runOnlyForDeploymentPostprocessing = 0;
		};
/* End PBXResourcesBuildPhase section */

/* Begin PBXSourcesBuildPhase section */
		B2EEE6212160158400145941 /* Sources */ = {
			isa = PBXSourcesBuildPhase;
			buildActionMask = 2147483647;
			files = (
				B2EEE62F2160158400145941 /* GameScene.swift in Sources */,
				B2EEE6312160158400145941 /* GameViewController.swift in Sources */,
				B2EEE6292160158400145941 /* AppDelegate.swift in Sources */,
			);
			runOnlyForDeploymentPostprocessing = 0;
		};
		B2EEE63B2160158500145941 /* Sources */ = {
			isa = PBXSourcesBuildPhase;
			buildActionMask = 2147483647;
			files = (
				B2EEE6442160158500145941 /* testTests.swift in Sources */,
			);
			runOnlyForDeploymentPostprocessing = 0;
		};
		B2EEE6462160158500145941 /* Sources */ = {
			isa = PBXSourcesBuildPhase;
			buildActionMask = 2147483647;
			files = (
				B2EEE64F2160158500145941 /* testUITests.swift in Sources */,
			);
			runOnlyForDeploymentPostprocessing = 0;
		};
/* End PBXSourcesBuildPhase section */

/* Begin PBXTargetDependency section */
		B2EEE6412160158500145941 /* PBXTargetDependency */ = {
			isa = PBXTargetDependency;
			target = B2EEE6242160158400145941 /* test */;
			targetProxy = B2EEE6402160158500145941 /* PBXContainerItemProxy */;
		};
		B2EEE64C2160158500145941 /* PBXTargetDependency */ = {
			isa = PBXTargetDependency;
			target = B2EEE6242160158400145941 /* test */;
			targetProxy = B2EEE64B2160158500145941 /* PBXContainerItemProxy */;
		};
/* End PBXTargetDependency section */

/* Begin PBXVariantGroup section */
		B2EEE6322160158400145941 /* Main.storyboard */ = {
			isa = PBXVariantGroup;
			children = (
				B2EEE6332160158400145941 /* Base */,
			);
			name = Main.storyboard;
			sourceTree = "<group>";
		};
		B2EEE6372160158500145941 /* LaunchScreen.storyboard */ = {
			isa = PBXVariantGroup;
			children = (
				B2EEE6382160158500145941 /* Base */,
			);
			name = LaunchScreen.storyboard;
			sourceTree = "<group>";
		};
/* End PBXVariantGroup section */

/* Begin XCBuildConfiguration section */
		B2EEE6512160158500145941 /* Debug */ = {
			isa = XCBuildConfiguration;
			buildSettings = {
				ALWAYS_SEARCH_USER_PATHS = NO;
				CLANG_ANALYZER_NONNULL = YES;
				CLANG_ANALYZER_NUMBER_OBJECT_CONVERSION = YES_AGGRESSIVE;
				CLANG_CXX_LANGUAGE_STANDARD = "gnu++14";
				CLANG_CXX_LIBRARY = "libc++";
				CLANG_ENABLE_MODULES = YES;
				CLANG_ENABLE_OBJC_ARC = YES;
				CLANG_ENABLE_OBJC_WEAK = YES;
				CLANG_WARN_BLOCK_CAPTURE_AUTORELEASING = YES;
				CLANG_WARN_BOOL_CONVERSION = YES;
				CLANG_WARN_COMMA = YES;
				CLANG_WARN_CONSTANT_CONVERSION = YES;
				CLANG_WARN_DEPRECATED_OBJC_IMPLEMENTATIONS = YES;
				CLANG_WARN_DIRECT_OBJC_ISA_USAGE = YES_ERROR;
				CLANG_WARN_DOCUMENTATION_COMMENTS = YES;
				CLANG_WARN_EMPTY_BODY = YES;
				CLANG_WARN_ENUM_CONVERSION = YES;
				CLANG_WARN_INFINITE_RECURSION = YES;
				CLANG_WARN_INT_CONVERSION = YES;
				CLANG_WARN_NON_LITERAL_NULL_CONVERSION = YES;
				CLANG_WARN_OBJC_IMPLICIT_RETAIN_SELF = YES;
				CLANG_WARN_OBJC_LITERAL_CONVERSION = YES;
				CLANG_WARN_OBJC_ROOT_CLASS = YES_ERROR;
				CLANG_WARN_RANGE_LOOP_ANALYSIS = YES;
				CLANG_WARN_STRICT_PROTOTYPES = YES;
				CLANG_WARN_SUSPICIOUS_MOVE = YES;
				CLANG_WARN_UNGUARDED_AVAILABILITY = YES_AGGRESSIVE;
				CLANG_WARN_UNREACHABLE_CODE = YES;
				CLANG_WARN__DUPLICATE_METHOD_MATCH = YES;
				CODE_SIGN_IDENTITY = "iPhone Developer";
				COPY_PHASE_STRIP = NO;
				DEBUG_INFORMATION_FORMAT = dwarf;
				ENABLE_STRICT_OBJC_MSGSEND = YES;
				ENABLE_TESTABILITY = YES;
				GCC_C_LANGUAGE_STANDARD = gnu11;
				GCC_DYNAMIC_NO_PIC = NO;
				GCC_NO_COMMON_BLOCKS = YES;
				GCC_OPTIMIZATION_LEVEL = 0;
				GCC_PREPROCESSOR_DEFINITIONS = (
					"DEBUG=1",
					"$(inherited)",
				);
				GCC_WARN_64_TO_32_BIT_CONVERSION = YES;
				GCC_WARN_ABOUT_RETURN_TYPE = YES_ERROR;
				GCC_WARN_UNDECLARED_SELECTOR = YES;
				GCC_WARN_UNINITIALIZED_AUTOS = YES_AGGRESSIVE;
				GCC_WARN_UNUSED_FUNCTION = YES;
				GCC_WARN_UNUSED_VARIABLE = YES;
				IPHONEOS_DEPLOYMENT_TARGET = 12.0;
				MTL_ENABLE_DEBUG_INFO = INCLUDE_SOURCE;
				MTL_FAST_MATH = YES;
				ONLY_ACTIVE_ARCH = YES;
				SDKROOT = iphoneos;
				SWIFT_ACTIVE_COMPILATION_CONDITIONS = DEBUG;
				SWIFT_OPTIMIZATION_LEVEL = "-Onone";
			};
			name = Debug;
		};
		B2EEE6522160158500145941 /* Release */ = {
			isa = XCBuildConfiguration;
			buildSettings = {
				ALWAYS_SEARCH_USER_PATHS = NO;
				CLANG_ANALYZER_NONNULL = YES;
				CLANG_ANALYZER_NUMBER_OBJECT_CONVERSION = YES_AGGRESSIVE;
				CLANG_CXX_LANGUAGE_STANDARD = "gnu++14";
				CLANG_CXX_LIBRARY = "libc++";
				CLANG_ENABLE_MODULES = YES;
				CLANG_ENABLE_OBJC_ARC = YES;
				CLANG_ENABLE_OBJC_WEAK = YES;
				CLANG_WARN_BLOCK_CAPTURE_AUTORELEASING = YES;
				CLANG_WARN_BOOL_CONVERSION = YES;
				CLANG_WARN_COMMA = YES;
				CLANG_WARN_CONSTANT_CONVERSION = YES;
				CLANG_WARN_DEPRECATED_OBJC_IMPLEMENTATIONS = YES;
				CLANG_WARN_DIRECT_OBJC_ISA_USAGE = YES_ERROR;
				CLANG_WARN_DOCUMENTATION_COMMENTS = YES;
				CLANG_WARN_EMPTY_BODY = YES;
				CLANG_WARN_ENUM_CONVERSION = YES;
				CLANG_WARN_INFINITE_RECURSION = YES;
				CLANG_WARN_INT_CONVERSION = YES;
				CLANG_WARN_NON_LITERAL_NULL_CONVERSION = YES;
				CLANG_WARN_OBJC_IMPLICIT_RETAIN_SELF = YES;
				CLANG_WARN_OBJC_LITERAL_CONVERSION = YES;
				CLANG_WARN_OBJC_ROOT_CLASS = YES_ERROR;
				CLANG_WARN_RANGE_LOOP_ANALYSIS = YES;
				CLANG_WARN_STRICT_PROTOTYPES = YES;
				CLANG_WARN_SUSPICIOUS_MOVE = YES;
				CLANG_WARN_UNGUARDED_AVAILABILITY = YES_AGGRESSIVE;
				CLANG_WARN_UNREACHABLE_CODE = YES;
				CLANG_WARN__DUPLICATE_METHOD_MATCH = YES;
				CODE_SIGN_IDENTITY = "iPhone Developer";
				COPY_PHASE_STRIP = NO;
				DEBUG_INFORMATION_FORMAT = "dwarf-with-dsym";
				ENABLE_NS_ASSERTIONS = NO;
				ENABLE_STRICT_OBJC_MSGSEND = YES;
				GCC_C_LANGUAGE_STANDARD = gnu11;
				GCC_NO_COMMON_BLOCKS = YES;
				GCC_WARN_64_TO_32_BIT_CONVERSION = YES;
				GCC_WARN_ABOUT_RETURN_TYPE = YES_ERROR;
				GCC_WARN_UNDECLARED_SELECTOR = YES;
				GCC_WARN_UNINITIALIZED_AUTOS = YES_AGGRESSIVE;
				GCC_WARN_UNUSED_FUNCTION = YES;
				GCC_WARN_UNUSED_VARIABLE = YES;
				IPHONEOS_DEPLOYMENT_TARGET = 12.0;
				MTL_ENABLE_DEBUG_INFO = NO;
				MTL_FAST_MATH = YES;
				SDKROOT = iphoneos;
				SWIFT_COMPILATION_MODE = wholemodule;
				SWIFT_OPTIMIZATION_LEVEL = "-O";
				VALIDATE_PRODUCT = YES;
			};
			name = Release;
		};
		B2EEE6542160158500145941 /* Debug */ = {
			isa = XCBuildConfiguration;
			buildSettings = {
				ASSETCATALOG_COMPILER_APPICON_NAME = AppIcon;
				CODE_SIGN_STYLE = Automatic;
				INFOPLIST_FILE = test/Info.plist;
				LD_RUNPATH_SEARCH_PATHS = (
					"$(inherited)",
					"@executable_path/Frameworks",
				);
				PRODUCT_BUNDLE_IDENTIFIER = com.KaranBhagat.test;
				PRODUCT_NAME = "$(TARGET_NAME)";
				SWIFT_VERSION = 4.2;
				TARGETED_DEVICE_FAMILY = "1,2";
			};
			name = Debug;
		};
		B2EEE6552160158500145941 /* Release */ = {
			isa = XCBuildConfiguration;
			buildSettings = {
				ASSETCATALOG_COMPILER_APPICON_NAME = AppIcon;
				CODE_SIGN_STYLE = Automatic;
				INFOPLIST_FILE = test/Info.plist;
				LD_RUNPATH_SEARCH_PATHS = (
					"$(inherited)",
					"@executable_path/Frameworks",
				);
				PRODUCT_BUNDLE_IDENTIFIER = com.KaranBhagat.test;
				PRODUCT_NAME = "$(TARGET_NAME)";
				SWIFT_VERSION = 4.2;
				TARGETED_DEVICE_FAMILY = "1,2";
			};
			name = Release;
		};
		B2EEE6572160158500145941 /* Debug */ = {
			isa = XCBuildConfiguration;
			buildSettings = {
				ALWAYS_EMBED_SWIFT_STANDARD_LIBRARIES = YES;
				BUNDLE_LOADER = "$(TEST_HOST)";
				CODE_SIGN_STYLE = Automatic;
				INFOPLIST_FILE = testTests/Info.plist;
				LD_RUNPATH_SEARCH_PATHS = (
					"$(inherited)",
					"@executable_path/Frameworks",
					"@loader_path/Frameworks",
				);
				PRODUCT_BUNDLE_IDENTIFIER = com.KaranBhagat.testTests;
				PRODUCT_NAME = "$(TARGET_NAME)";
				SWIFT_VERSION = 4.2;
				TARGETED_DEVICE_FAMILY = "1,2";
				TEST_HOST = "$(BUILT_PRODUCTS_DIR)/test.app/test";
			};
			name = Debug;
		};
		B2EEE6582160158500145941 /* Release */ = {
			isa = XCBuildConfiguration;
			buildSettings = {
				ALWAYS_EMBED_SWIFT_STANDARD_LIBRARIES = YES;
				BUNDLE_LOADER = "$(TEST_HOST)";
				CODE_SIGN_STYLE = Automatic;
				INFOPLIST_FILE = testTests/Info.plist;
				LD_RUNPATH_SEARCH_PATHS = (
					"$(inherited)",
					"@executable_path/Frameworks",
					"@loader_path/Frameworks",
				);
				PRODUCT_BUNDLE_IDENTIFIER = com.KaranBhagat.testTests;
				PRODUCT_NAME = "$(TARGET_NAME)";
				SWIFT_VERSION = 4.2;
				TARGETED_DEVICE_FAMILY = "1,2";
				TEST_HOST = "$(BUILT_PRODUCTS_DIR)/test.app/test";
			};
			name = Release;
		};
		B2EEE65A2160158500145941 /* Debug */ = {
			isa = XCBuildConfiguration;
			buildSettings = {
				ALWAYS_EMBED_SWIFT_STANDARD_LIBRARIES = YES;
				CODE_SIGN_STYLE = Automatic;
				INFOPLIST_FILE = testUITests/Info.plist;
				LD_RUNPATH_SEARCH_PATHS = (
					"$(inherited)",
					"@executable_path/Frameworks",
					"@loader_path/Frameworks",
				);
				PRODUCT_BUNDLE_IDENTIFIER = com.KaranBhagat.testUITests;
				PRODUCT_NAME = "$(TARGET_NAME)";
				SWIFT_VERSION = 4.2;
				TARGETED_DEVICE_FAMILY = "1,2";
				TEST_TARGET_NAME = test;
			};
			name = Debug;
		};
		B2EEE65B2160158500145941 /* Release */ = {
			isa = XCBuildConfiguration;
			buildSettings = {
				ALWAYS_EMBED_SWIFT_STANDARD_LIBRARIES = YES;
				CODE_SIGN_STYLE = Automatic;
				INFOPLIST_FILE = testUITests/Info.plist;
				LD_RUNPATH_SEARCH_PATHS = (
					"$(inherited)",
					"@executable_path/Frameworks",
					"@loader_path/Frameworks",
				);
				PRODUCT_BUNDLE_IDENTIFIER = com.KaranBhagat.testUITests;
				PRODUCT_NAME = "$(TARGET_NAME)";
				SWIFT_VERSION = 4.2;
				TARGETED_DEVICE_FAMILY = "1,2";
				TEST_TARGET_NAME = test;
			};
			name = Release;
		};
/* End XCBuildConfiguration section */

/* Begin XCConfigurationList section */
		B2EEE6202160158400145941 /* Build configuration list for PBXProject "test" */ = {
			isa = XCConfigurationList;
			buildConfigurations = (
				B2EEE6512160158500145941 /* Debug */,
				B2EEE6522160158500145941 /* Release */,
			);
			defaultConfigurationIsVisible = 0;
			defaultConfigurationName = Release;
		};
		B2EEE6532160158500145941 /* Build configuration list for PBXNativeTarget "test" */ = {
			isa = XCConfigurationList;
			buildConfigurations = (
				B2EEE6542160158500145941 /* Debug */,
				B2EEE6552160158500145941 /* Release */,
			);
			defaultConfigurationIsVisible = 0;
			defaultConfigurationName = Release;
		};
		B2EEE6562160158500145941 /* Build configuration list for PBXNativeTarget "testTests" */ = {
			isa = XCConfigurationList;
			buildConfigurations = (
				B2EEE6572160158500145941 /* Debug */,
				B2EEE6582160158500145941 /* Release */,
			);
			defaultConfigurationIsVisible = 0;
			defaultConfigurationName = Release;
		};
		B2EEE6592160158500145941 /* Build configuration list for PBXNativeTarget "testUITests" */ = {
			isa = XCConfigurationList;
			buildConfigurations = (
				B2EEE65A2160158500145941 /* Debug */,
				B2EEE65B2160158500145941 /* Release */,
			);
			defaultConfigurationIsVisible = 0;
			defaultConfigurationName = Release;
		};
/* End XCConfigurationList section */
	};
	rootObject = B2EEE61D2160158400145941 /* Project object */;
}
